
Microsoft Visual Studio Solution File, Format Version 12.00
# Visual Studio Version 17
VisualStudioVersion = 17.11.35327.3
MinimumVisualStudioVersion = 10.0.40219.1
Project("{888888A0-9F3D-457C-B088-3A5042F75D52}") = "GoogleDocSecretMessage", "GoogleDocSecretMessage\GoogleDocSecretMessage.pyproj", "{53A20344-2858-4B77-92E8-81F3EF3CA00C}"
EndProject
Global
	GlobalSection(SolutionConfigurationPlatforms) = preSolution
		Debug|Any CPU = Debug|Any CPU
		Release|Any CPU = Release|Any CPU
	EndGlobalSection
	GlobalSection(ProjectConfigurationPlatforms) = postSolution
		{53A20344-2858-4B77-92E8-81F3EF3CA00C}.Debug|Any CPU.ActiveCfg = Debug|Any CPU
		{53A20344-2858-4B77-92E8-81F3EF3CA00C}.Release|Any CPU.ActiveCfg = Release|Any CPU
	EndGlobalSection
	GlobalSection(SolutionProperties) = preSolution
		HideSolutionNode = FALSE
	EndGlobalSection
	GlobalSection(ExtensibilityGlobals) = postSolution
		SolutionGuid = {C18B2ADA-EB8D-4CB9-A8F3-D7A2B6DF6DC2}
	EndGlobalSection
EndGlobal
